
Microsoft Visual Studio Solution File, Format Version 12.00
# Visual Studio Version 17
VisualStudioVersion = 17.7.34024.191
MinimumVisualStudioVersion = 10.0.40219.1
Project("{FAE04EC0-301F-11D3-BF4B-00C04F79EFBC}") = "StarSwordEditor", "StarSwordEditor\StarSwordEditor.csproj", "{AEC8AC9B-0361-47AF-AA26-53649DA03053}"
EndProject
Global
	GlobalSection(SolutionConfigurationPlatforms) = preSolution
		Debug|Any CPU = Debug|Any CPU
		Release|Any CPU = Release|Any CPU
	EndGlobalSection
	GlobalSection(ProjectConfigurationPlatforms) = postSolution
		{AEC8AC9B-0361-47AF-AA26-53649DA03053}.Debug|Any CPU.ActiveCfg = Debug|Any CPU
		{AEC8AC9B-0361-47AF-AA26-53649DA03053}.Debug|Any CPU.Build.0 = Debug|Any CPU
		{AEC8AC9B-0361-47AF-AA26-53649DA03053}.Release|Any CPU.ActiveCfg = Release|Any CPU
		{AEC8AC9B-0361-47AF-AA26-53649DA03053}.Release|Any CPU.Build.0 = Release|Any CPU
	EndGlobalSection
	GlobalSection(SolutionProperties) = preSolution
		HideSolutionNode = FALSE
	EndGlobalSection
	GlobalSection(ExtensibilityGlobals) = postSolution
		SolutionGuid = {A3F33E23-AE25-4942-98AC-90B2E326BFD3}
	EndGlobalSection
EndGlobal
